
Microsoft Visual Studio Solution File, Format Version 12.00
# Visual Studio Version 17
VisualStudioVersion = 17.10.35004.147
MinimumVisualStudioVersion = 10.0.40219.1
Project("{2150E333-8FDC-42A3-9474-1A3956D46DE8}") = "Services", "Services", "{89EBC17D-D20A-476A-919B-CE2E8BB32FD8}"
EndProject
Project("{2150E333-8FDC-42A3-9474-1A3956D46DE8}") = "Catalog", "Catalog", "{8EB74FCC-25EE-4444-BC3E-24AC85FC1BB8}"
EndProject
Project("{9A19103F-16F7-4668-BE54-9A1E7A4F7556}") = "Catalog.API", "Services\Catalog\Catalog.API\Catalog.API.csproj", "{92DFA2B2-602B-4DDC-B528-86681268F610}"
EndProject
Project("{2150E333-8FDC-42A3-9474-1A3956D46DE8}") = "BuildingBlocks", "BuildingBlocks", "{8B9BB444-9EF8-486D-BEC9-D4BFC20DC556}"
EndProject
Project("{9A19103F-16F7-4668-BE54-9A1E7A4F7556}") = "BuildingBlocks", "BuildingBlocks\BuildingBlocks\BuildingBlocks.csproj", "{9C1D3502-C747-4DD9-A2B8-93ECD02D9E5B}"
EndProject
Project("{E53339B2-1760-4266-BCC7-CA923CBCF16C}") = "docker-compose", "docker-compose.dcproj", "{30FE61D3-66DC-4AF6-B15D-D48CCAE02A38}"
EndProject
Project("{2150E333-8FDC-42A3-9474-1A3956D46DE8}") = "Cart", "Cart", "{775CA712-040D-4D1B-A77B-70CF89E29560}"
EndProject
Project("{9A19103F-16F7-4668-BE54-9A1E7A4F7556}") = "Cart.API", "Services\Cart\Cart.API\Cart.API.csproj", "{6969D169-3DED-4658-88BC-6AF16475BEF2}"
EndProject
Project("{2150E333-8FDC-42A3-9474-1A3956D46DE8}") = "Discount", "Discount", "{803DE18E-0F77-4A95-B6C4-7F5B92735373}"
EndProject
Project("{9A19103F-16F7-4668-BE54-9A1E7A4F7556}") = "Discount.Grpc", "Services\Discount\Discount.Grpc\Discount.Grpc.csproj", "{08AC54C6-DC7D-46B8-9BE2-C39AC330AE5F}"
EndProject
Project("{2150E333-8FDC-42A3-9474-1A3956D46DE8}") = "Ordering", "Ordering", "{3EE6D650-EA37-46B0-9A32-8827C724F096}"
EndProject
Project("{FAE04EC0-301F-11D3-BF4B-00C04F79EFBC}") = "Ordering.API", "Services\Ordering\Ordering.API\Ordering.API.csproj", "{2CC4E98B-8B03-449D-BF61-3D4179AF1B44}"
EndProject
Global
	GlobalSection(SolutionConfigurationPlatforms) = preSolution
		Debug|Any CPU = Debug|Any CPU
		Release|Any CPU = Release|Any CPU
	EndGlobalSection
	GlobalSection(ProjectConfigurationPlatforms) = postSolution
		{92DFA2B2-602B-4DDC-B528-86681268F610}.Debug|Any CPU.ActiveCfg = Debug|Any CPU
		{92DFA2B2-602B-4DDC-B528-86681268F610}.Debug|Any CPU.Build.0 = Debug|Any CPU
		{92DFA2B2-602B-4DDC-B528-86681268F610}.Release|Any CPU.ActiveCfg = Release|Any CPU
		{92DFA2B2-602B-4DDC-B528-86681268F610}.Release|Any CPU.Build.0 = Release|Any CPU
		{9C1D3502-C747-4DD9-A2B8-93ECD02D9E5B}.Debug|Any CPU.ActiveCfg = Debug|Any CPU
		{9C1D3502-C747-4DD9-A2B8-93ECD02D9E5B}.Debug|Any CPU.Build.0 = Debug|Any CPU
		{9C1D3502-C747-4DD9-A2B8-93ECD02D9E5B}.Release|Any CPU.ActiveCfg = Release|Any CPU
		{9C1D3502-C747-4DD9-A2B8-93ECD02D9E5B}.Release|Any CPU.Build.0 = Release|Any CPU
		{30FE61D3-66DC-4AF6-B15D-D48CCAE02A38}.Debug|Any CPU.ActiveCfg = Debug|Any CPU
		{30FE61D3-66DC-4AF6-B15D-D48CCAE02A38}.Debug|Any CPU.Build.0 = Debug|Any CPU
		{30FE61D3-66DC-4AF6-B15D-D48CCAE02A38}.Release|Any CPU.ActiveCfg = Release|Any CPU
		{30FE61D3-66DC-4AF6-B15D-D48CCAE02A38}.Release|Any CPU.Build.0 = Release|Any CPU
		{6969D169-3DED-4658-88BC-6AF16475BEF2}.Debug|Any CPU.ActiveCfg = Debug|Any CPU
		{6969D169-3DED-4658-88BC-6AF16475BEF2}.Debug|Any CPU.Build.0 = Debug|Any CPU
		{6969D169-3DED-4658-88BC-6AF16475BEF2}.Release|Any CPU.ActiveCfg = Release|Any CPU
		{6969D169-3DED-4658-88BC-6AF16475BEF2}.Release|Any CPU.Build.0 = Release|Any CPU
		{08AC54C6-DC7D-46B8-9BE2-C39AC330AE5F}.Debug|Any CPU.ActiveCfg = Debug|Any CPU
		{08AC54C6-DC7D-46B8-9BE2-C39AC330AE5F}.Debug|Any CPU.Build.0 = Debug|Any CPU
		{08AC54C6-DC7D-46B8-9BE2-C39AC330AE5F}.Release|Any CPU.ActiveCfg = Release|Any CPU
		{08AC54C6-DC7D-46B8-9BE2-C39AC330AE5F}.Release|Any CPU.Build.0 = Release|Any CPU
		{2CC4E98B-8B03-449D-BF61-3D4179AF1B44}.Debug|Any CPU.ActiveCfg = Debug|Any CPU
		{2CC4E98B-8B03-449D-BF61-3D4179AF1B44}.Debug|Any CPU.Build.0 = Debug|Any CPU
		{2CC4E98B-8B03-449D-BF61-3D4179AF1B44}.Release|Any CPU.ActiveCfg = Release|Any CPU
		{2CC4E98B-8B03-449D-BF61-3D4179AF1B44}.Release|Any CPU.Build.0 = Release|Any CPU
	EndGlobalSection
	GlobalSection(SolutionProperties) = preSolution
		HideSolutionNode = FALSE
	EndGlobalSection
	GlobalSection(NestedProjects) = preSolution
		{8EB74FCC-25EE-4444-BC3E-24AC85FC1BB8} = {89EBC17D-D20A-476A-919B-CE2E8BB32FD8}
		{92DFA2B2-602B-4DDC-B528-86681268F610} = {8EB74FCC-25EE-4444-BC3E-24AC85FC1BB8}
		{9C1D3502-C747-4DD9-A2B8-93ECD02D9E5B} = {8B9BB444-9EF8-486D-BEC9-D4BFC20DC556}
		{775CA712-040D-4D1B-A77B-70CF89E29560} = {89EBC17D-D20A-476A-919B-CE2E8BB32FD8}
		{6969D169-3DED-4658-88BC-6AF16475BEF2} = {775CA712-040D-4D1B-A77B-70CF89E29560}
		{803DE18E-0F77-4A95-B6C4-7F5B92735373} = {89EBC17D-D20A-476A-919B-CE2E8BB32FD8}
		{08AC54C6-DC7D-46B8-9BE2-C39AC330AE5F} = {803DE18E-0F77-4A95-B6C4-7F5B92735373}
		{3EE6D650-EA37-46B0-9A32-8827C724F096} = {89EBC17D-D20A-476A-919B-CE2E8BB32FD8}
		{2CC4E98B-8B03-449D-BF61-3D4179AF1B44} = {3EE6D650-EA37-46B0-9A32-8827C724F096}
	EndGlobalSection
	GlobalSection(ExtensibilityGlobals) = postSolution
		SolutionGuid = {00D388B6-C8BB-41E7-B50D-4C36D2BC4E18}
	EndGlobalSection
EndGlobal
